
Microsoft Visual Studio Solution File, Format Version 12.00
# Visual Studio Version 17
VisualStudioVersion = 17.0.31611.283
MinimumVisualStudioVersion = 10.0.40219.1
Project("{9A19103F-16F7-4668-BE54-9A1E7A4F7556}") = "SnakeClient", "SnakeClient\SnakeClient.csproj", "{7DA96372-0505-424C-98B4-A5A2E01D7E3E}"
EndProject
Project("{9A19103F-16F7-4668-BE54-9A1E7A4F7556}") = "Vector2D", "Vector2D\Vector2D.csproj", "{1E1AC518-A91F-4804-85B2-34B8B0B220C8}"
EndProject
Project("{9A19103F-16F7-4668-BE54-9A1E7A4F7556}") = "NetworkController", "NetworkController\NetworkController.csproj", "{FAA0DC57-03BD-4767-8DFB-36AEFB754212}"
EndProject
Project("{9A19103F-16F7-4668-BE54-9A1E7A4F7556}") = "Models", "Models\Models.csproj", "{4484EA2F-8E6F-4F7A-BDE0-E34824DF8C80}"
EndProject
Project("{9A19103F-16F7-4668-BE54-9A1E7A4F7556}") = "GameController", "GameController\GameController.csproj", "{AFC058E7-E362-4635-943E-94F2EB49A326}"
EndProject
Project("{2150E333-8FDC-42A3-9474-1A3956D46DE8}") = "Solution Items", "Solution Items", "{00BCA704-7973-464E-B3A9-2601216205D6}"
	ProjectSection(SolutionItems) = preProject
		README.txt = README.txt
	EndProjectSection
EndProject
Project("{9A19103F-16F7-4668-BE54-9A1E7A4F7556}") = "Server", "Server\Server.csproj", "{5983D823-F64E-4C82-BA6D-4FF7A8F83F5A}"
EndProject
Global
	GlobalSection(SolutionConfigurationPlatforms) = preSolution
		Debug|Any CPU = Debug|Any CPU
		Release|Any CPU = Release|Any CPU
	EndGlobalSection
	GlobalSection(ProjectConfigurationPlatforms) = postSolution
		{7DA96372-0505-424C-98B4-A5A2E01D7E3E}.Debug|Any CPU.ActiveCfg = Debug|Any CPU
		{7DA96372-0505-424C-98B4-A5A2E01D7E3E}.Debug|Any CPU.Build.0 = Debug|Any CPU
		{7DA96372-0505-424C-98B4-A5A2E01D7E3E}.Debug|Any CPU.Deploy.0 = Debug|Any CPU
		{7DA96372-0505-424C-98B4-A5A2E01D7E3E}.Release|Any CPU.ActiveCfg = Release|Any CPU
		{7DA96372-0505-424C-98B4-A5A2E01D7E3E}.Release|Any CPU.Build.0 = Release|Any CPU
		{7DA96372-0505-424C-98B4-A5A2E01D7E3E}.Release|Any CPU.Deploy.0 = Release|Any CPU
		{1E1AC518-A91F-4804-85B2-34B8B0B220C8}.Debug|Any CPU.ActiveCfg = Debug|Any CPU
		{1E1AC518-A91F-4804-85B2-34B8B0B220C8}.Debug|Any CPU.Build.0 = Debug|Any CPU
		{1E1AC518-A91F-4804-85B2-34B8B0B220C8}.Release|Any CPU.ActiveCfg = Release|Any CPU
		{1E1AC518-A91F-4804-85B2-34B8B0B220C8}.Release|Any CPU.Build.0 = Release|Any CPU
		{FAA0DC57-03BD-4767-8DFB-36AEFB754212}.Debug|Any CPU.ActiveCfg = Debug|Any CPU
		{FAA0DC57-03BD-4767-8DFB-36AEFB754212}.Debug|Any CPU.Build.0 = Debug|Any CPU
		{FAA0DC57-03BD-4767-8DFB-36AEFB754212}.Release|Any CPU.ActiveCfg = Release|Any CPU
		{FAA0DC57-03BD-4767-8DFB-36AEFB754212}.Release|Any CPU.Build.0 = Release|Any CPU
		{4484EA2F-8E6F-4F7A-BDE0-E34824DF8C80}.Debug|Any CPU.ActiveCfg = Debug|Any CPU
		{4484EA2F-8E6F-4F7A-BDE0-E34824DF8C80}.Debug|Any CPU.Build.0 = Debug|Any CPU
		{4484EA2F-8E6F-4F7A-BDE0-E34824DF8C80}.Release|Any CPU.ActiveCfg = Release|Any CPU
		{4484EA2F-8E6F-4F7A-BDE0-E34824DF8C80}.Release|Any CPU.Build.0 = Release|Any CPU
		{AFC058E7-E362-4635-943E-94F2EB49A326}.Debug|Any CPU.ActiveCfg = Debug|Any CPU
		{AFC058E7-E362-4635-943E-94F2EB49A326}.Debug|Any CPU.Build.0 = Debug|Any CPU
		{AFC058E7-E362-4635-943E-94F2EB49A326}.Release|Any CPU.ActiveCfg = Release|Any CPU
		{AFC058E7-E362-4635-943E-94F2EB49A326}.Release|Any CPU.Build.0 = Release|Any CPU
		{5983D823-F64E-4C82-BA6D-4FF7A8F83F5A}.Debug|Any CPU.ActiveCfg = Debug|Any CPU
		{5983D823-F64E-4C82-BA6D-4FF7A8F83F5A}.Debug|Any CPU.Build.0 = Debug|Any CPU
		{5983D823-F64E-4C82-BA6D-4FF7A8F83F5A}.Release|Any CPU.ActiveCfg = Release|Any CPU
		{5983D823-F64E-4C82-BA6D-4FF7A8F83F5A}.Release|Any CPU.Build.0 = Release|Any CPU
	EndGlobalSection
	GlobalSection(SolutionProperties) = preSolution
		HideSolutionNode = FALSE
	EndGlobalSection
	GlobalSection(ExtensibilityGlobals) = postSolution
		SolutionGuid = {61F7FB11-1E47-470C-91E2-47F8143E1572}
	EndGlobalSection
EndGlobal
